
Microsoft Visual Studio Solution File, Format Version 12.00
# Visual Studio Version 16
VisualStudioVersion = 16.0.30517.126
MinimumVisualStudioVersion = 10.0.40219.1
Project("{FAE04EC0-301F-11D3-BF4B-00C04F79EFBC}") = "TestCreateQAPlan", "TestCreateQAPlan.csproj", "{14E5EFBE-BAD6-4713-8B7C-912D1763CD06}"
EndProject
Global
	GlobalSection(SolutionConfigurationPlatforms) = preSolution
		Debug|Any CPU = Debug|Any CPU
		Debug|x64 = Debug|x64
		Release|Any CPU = Release|Any CPU
		Release|x64 = Release|x64
	EndGlobalSection
	GlobalSection(ProjectConfigurationPlatforms) = postSolution
		{14E5EFBE-BAD6-4713-8B7C-912D1763CD06}.Debug|Any CPU.ActiveCfg = Debug|Any CPU
		{14E5EFBE-BAD6-4713-8B7C-912D1763CD06}.Debug|Any CPU.Build.0 = Debug|Any CPU
		{14E5EFBE-BAD6-4713-8B7C-912D1763CD06}.Debug|x64.ActiveCfg = Debug|x64
		{14E5EFBE-BAD6-4713-8B7C-912D1763CD06}.Debug|x64.Build.0 = Debug|x64
		{14E5EFBE-BAD6-4713-8B7C-912D1763CD06}.Release|Any CPU.ActiveCfg = Release|Any CPU
		{14E5EFBE-BAD6-4713-8B7C-912D1763CD06}.Release|Any CPU.Build.0 = Release|Any CPU
		{14E5EFBE-BAD6-4713-8B7C-912D1763CD06}.Release|x64.ActiveCfg = Release|x64
		{14E5EFBE-BAD6-4713-8B7C-912D1763CD06}.Release|x64.Build.0 = Release|x64
	EndGlobalSection
	GlobalSection(SolutionProperties) = preSolution
		HideSolutionNode = FALSE
	EndGlobalSection
	GlobalSection(ExtensibilityGlobals) = postSolution
		SolutionGuid = {078E776C-9C68-40D9-AE6F-A7D3F08C2236}
	EndGlobalSection
EndGlobal
